
Microsoft Visual Studio Solution File, Format Version 12.00
# Visual Studio 15
VisualStudioVersion = 15.0.27004.2009
MinimumVisualStudioVersion = 10.0.40219.1
Project("{FAE04EC0-301F-11D3-BF4B-00C04F79EFBC}") = "Hello", "Hello\Hello.csproj", "{43D3A9D9-D831-46CD-BE33-1DE6770DB406}"
EndProject
Project("{FAE04EC0-301F-11D3-BF4B-00C04F79EFBC}") = "OOdemot", "OOdemot\OOdemot.csproj", "{647E5B70-F18B-4837-8A73-4FCAFA7B4CB9}"
EndProject
Project("{FAE04EC0-301F-11D3-BF4B-00C04F79EFBC}") = "Labrat", "Labrat\Labrat.csproj", "{0BD0B2FF-43EB-42A2-AF3D-9A6ACB632264}"
EndProject
Project("{FAE04EC0-301F-11D3-BF4B-00C04F79EFBC}") = "VK44", "VK44\VK44.csproj", "{31D2FBF5-3474-4382-85F8-DBDABEA95706}"
EndProject
Project("{FAE04EC0-301F-11D3-BF4B-00C04F79EFBC}") = "DemoLaskin", "DemoLaskin\DemoLaskin.csproj", "{0C356CB8-C146-4C17-87E4-581093EC8FF9}"
EndProject
Project("{FAE04EC0-301F-11D3-BF4B-00C04F79EFBC}") = "DemoLaskinTests", "DemoLaskinTests\DemoLaskinTests.csproj", "{D12E723A-4E1D-489D-9E4C-3EAC6D7D4725}"
EndProject
Project("{FAE04EC0-301F-11D3-BF4B-00C04F79EFBC}") = "WPFDemo", "WPFDemo\WPFDemo.csproj", "{10DA8559-928F-414C-BD55-E4BD8BF655AB}"
EndProject
Project("{FAE04EC0-301F-11D3-BF4B-00C04F79EFBC}") = "Lab10.1", "Lab10.1\Lab10.1.csproj", "{E1173218-1458-41EA-8009-2C74DD4A69A9}"
EndProject
Project("{FAE04EC0-301F-11D3-BF4B-00C04F79EFBC}") = "Lab10.2", "Lab10.2\Lab10.2.csproj", "{77F3FA8C-2DC0-4223-AD6A-4DA1740B7E82}"
EndProject
Project("{FAE04EC0-301F-11D3-BF4B-00C04F79EFBC}") = "AutotalliDemo", "AutotalliDemo\AutotalliDemo.csproj", "{319C2931-0BC5-4F04-BD3E-50885C02BA18}"
EndProject
Project("{FAE04EC0-301F-11D3-BF4B-00C04F79EFBC}") = "Lab11.1", "Lab11.1\Lab11.1.csproj", "{C21A86AF-A56C-414E-8DAE-90BE34DC35D5}"
EndProject
Global
	GlobalSection(SolutionConfigurationPlatforms) = preSolution
		Debug|Any CPU = Debug|Any CPU
		Release|Any CPU = Release|Any CPU
	EndGlobalSection
	GlobalSection(ProjectConfigurationPlatforms) = postSolution
		{43D3A9D9-D831-46CD-BE33-1DE6770DB406}.Debug|Any CPU.ActiveCfg = Debug|Any CPU
		{43D3A9D9-D831-46CD-BE33-1DE6770DB406}.Debug|Any CPU.Build.0 = Debug|Any CPU
		{43D3A9D9-D831-46CD-BE33-1DE6770DB406}.Release|Any CPU.ActiveCfg = Release|Any CPU
		{43D3A9D9-D831-46CD-BE33-1DE6770DB406}.Release|Any CPU.Build.0 = Release|Any CPU
		{647E5B70-F18B-4837-8A73-4FCAFA7B4CB9}.Debug|Any CPU.ActiveCfg = Debug|Any CPU
		{647E5B70-F18B-4837-8A73-4FCAFA7B4CB9}.Debug|Any CPU.Build.0 = Debug|Any CPU
		{647E5B70-F18B-4837-8A73-4FCAFA7B4CB9}.Release|Any CPU.ActiveCfg = Release|Any CPU
		{647E5B70-F18B-4837-8A73-4FCAFA7B4CB9}.Release|Any CPU.Build.0 = Release|Any CPU
		{0BD0B2FF-43EB-42A2-AF3D-9A6ACB632264}.Debug|Any CPU.ActiveCfg = Debug|Any CPU
		{0BD0B2FF-43EB-42A2-AF3D-9A6ACB632264}.Debug|Any CPU.Build.0 = Debug|Any CPU
		{0BD0B2FF-43EB-42A2-AF3D-9A6ACB632264}.Release|Any CPU.ActiveCfg = Release|Any CPU
		{0BD0B2FF-43EB-42A2-AF3D-9A6ACB632264}.Release|Any CPU.Build.0 = Release|Any CPU
		{31D2FBF5-3474-4382-85F8-DBDABEA95706}.Debug|Any CPU.ActiveCfg = Debug|Any CPU
		{31D2FBF5-3474-4382-85F8-DBDABEA95706}.Debug|Any CPU.Build.0 = Debug|Any CPU
		{31D2FBF5-3474-4382-85F8-DBDABEA95706}.Release|Any CPU.ActiveCfg = Release|Any CPU
		{31D2FBF5-3474-4382-85F8-DBDABEA95706}.Release|Any CPU.Build.0 = Release|Any CPU
		{0C356CB8-C146-4C17-87E4-581093EC8FF9}.Debug|Any CPU.ActiveCfg = Debug|Any CPU
		{0C356CB8-C146-4C17-87E4-581093EC8FF9}.Debug|Any CPU.Build.0 = Debug|Any CPU
		{0C356CB8-C146-4C17-87E4-581093EC8FF9}.Release|Any CPU.ActiveCfg = Release|Any CPU
		{0C356CB8-C146-4C17-87E4-581093EC8FF9}.Release|Any CPU.Build.0 = Release|Any CPU
		{D12E723A-4E1D-489D-9E4C-3EAC6D7D4725}.Debug|Any CPU.ActiveCfg = Debug|Any CPU
		{D12E723A-4E1D-489D-9E4C-3EAC6D7D4725}.Debug|Any CPU.Build.0 = Debug|Any CPU
		{D12E723A-4E1D-489D-9E4C-3EAC6D7D4725}.Release|Any CPU.ActiveCfg = Release|Any CPU
		{D12E723A-4E1D-489D-9E4C-3EAC6D7D4725}.Release|Any CPU.Build.0 = Release|Any CPU
		{10DA8559-928F-414C-BD55-E4BD8BF655AB}.Debug|Any CPU.ActiveCfg = Debug|Any CPU
		{10DA8559-928F-414C-BD55-E4BD8BF655AB}.Debug|Any CPU.Build.0 = Debug|Any CPU
		{10DA8559-928F-414C-BD55-E4BD8BF655AB}.Release|Any CPU.ActiveCfg = Release|Any CPU
		{10DA8559-928F-414C-BD55-E4BD8BF655AB}.Release|Any CPU.Build.0 = Release|Any CPU
		{E1173218-1458-41EA-8009-2C74DD4A69A9}.Debug|Any CPU.ActiveCfg = Debug|Any CPU
		{E1173218-1458-41EA-8009-2C74DD4A69A9}.Debug|Any CPU.Build.0 = Debug|Any CPU
		{E1173218-1458-41EA-8009-2C74DD4A69A9}.Release|Any CPU.ActiveCfg = Release|Any CPU
		{E1173218-1458-41EA-8009-2C74DD4A69A9}.Release|Any CPU.Build.0 = Release|Any CPU
		{77F3FA8C-2DC0-4223-AD6A-4DA1740B7E82}.Debug|Any CPU.ActiveCfg = Debug|Any CPU
		{77F3FA8C-2DC0-4223-AD6A-4DA1740B7E82}.Debug|Any CPU.Build.0 = Debug|Any CPU
		{77F3FA8C-2DC0-4223-AD6A-4DA1740B7E82}.Release|Any CPU.ActiveCfg = Release|Any CPU
		{77F3FA8C-2DC0-4223-AD6A-4DA1740B7E82}.Release|Any CPU.Build.0 = Release|Any CPU
		{319C2931-0BC5-4F04-BD3E-50885C02BA18}.Debug|Any CPU.ActiveCfg = Debug|Any CPU
		{319C2931-0BC5-4F04-BD3E-50885C02BA18}.Debug|Any CPU.Build.0 = Debug|Any CPU
		{319C2931-0BC5-4F04-BD3E-50885C02BA18}.Release|Any CPU.ActiveCfg = Release|Any CPU
		{319C2931-0BC5-4F04-BD3E-50885C02BA18}.Release|Any CPU.Build.0 = Release|Any CPU
		{C21A86AF-A56C-414E-8DAE-90BE34DC35D5}.Debug|Any CPU.ActiveCfg = Debug|Any CPU
		{C21A86AF-A56C-414E-8DAE-90BE34DC35D5}.Debug|Any CPU.Build.0 = Debug|Any CPU
		{C21A86AF-A56C-414E-8DAE-90BE34DC35D5}.Release|Any CPU.ActiveCfg = Release|Any CPU
		{C21A86AF-A56C-414E-8DAE-90BE34DC35D5}.Release|Any CPU.Build.0 = Release|Any CPU
	EndGlobalSection
	GlobalSection(SolutionProperties) = preSolution
		HideSolutionNode = FALSE
	EndGlobalSection
	GlobalSection(ExtensibilityGlobals) = postSolution
		SolutionGuid = {8BDFBA77-85A9-42DE-B7B5-D95C59F3B264}
	EndGlobalSection
EndGlobal
